
Microsoft Visual Studio Solution File, Format Version 12.00
# Visual Studio 15
VisualStudioVersion = 15.0.28307.329
MinimumVisualStudioVersion = 10.0.40219.1
Project("{FAE04EC0-301F-11D3-BF4B-00C04F79EFBC}") = "WebApplication2", "WebApplication2\WebApplication2.csproj", "{826966DF-84A3-4993-8A95-41B7095FEA0C}"
EndProject
Global
	GlobalSection(SolutionConfigurationPlatforms) = preSolution
		Debug|Any CPU = Debug|Any CPU
		Release|Any CPU = Release|Any CPU
	EndGlobalSection
	GlobalSection(ProjectConfigurationPlatforms) = postSolution
		{826966DF-84A3-4993-8A95-41B7095FEA0C}.Debug|Any CPU.ActiveCfg = Debug|Any CPU
		{826966DF-84A3-4993-8A95-41B7095FEA0C}.Debug|Any CPU.Build.0 = Debug|Any CPU
		{826966DF-84A3-4993-8A95-41B7095FEA0C}.Release|Any CPU.ActiveCfg = Release|Any CPU
		{826966DF-84A3-4993-8A95-41B7095FEA0C}.Release|Any CPU.Build.0 = Release|Any CPU
	EndGlobalSection
	GlobalSection(SolutionProperties) = preSolution
		HideSolutionNode = FALSE
	EndGlobalSection
	GlobalSection(ExtensibilityGlobals) = postSolution
		SolutionGuid = {250B46C4-C8F5-4109-AFC1-DA3EF8A9C3FE}
	EndGlobalSection
EndGlobal
